
Microsoft Visual Studio Solution File, Format Version 12.00
# Visual Studio Version 17
VisualStudioVersion = 17.10.35013.160
MinimumVisualStudioVersion = 10.0.40219.1
Project("{FAE04EC0-301F-11D3-BF4B-00C04F79EFBC}") = "MileStone3_", "MileStone3_\MileStone3_.csproj", "{7D5BD3F5-69A5-4F5E-99F5-BF917990A79D}"
EndProject
Project("{9A19103F-16F7-4668-BE54-9A1E7A4F7556}") = "Backend", "..\BGU-SE-Courses\kanban-2024-2024-05\Backend\Backend.csproj", "{E7CBF066-CE3D-433D-8CFE-74B3F27EE7AF}"
EndProject
Global
	GlobalSection(SolutionConfigurationPlatforms) = preSolution
		Debug|Any CPU = Debug|Any CPU
		Release|Any CPU = Release|Any CPU
	EndGlobalSection
	GlobalSection(ProjectConfigurationPlatforms) = postSolution
		{7D5BD3F5-69A5-4F5E-99F5-BF917990A79D}.Debug|Any CPU.ActiveCfg = Debug|Any CPU
		{7D5BD3F5-69A5-4F5E-99F5-BF917990A79D}.Debug|Any CPU.Build.0 = Debug|Any CPU
		{7D5BD3F5-69A5-4F5E-99F5-BF917990A79D}.Release|Any CPU.ActiveCfg = Release|Any CPU
		{7D5BD3F5-69A5-4F5E-99F5-BF917990A79D}.Release|Any CPU.Build.0 = Release|Any CPU
		{E7CBF066-CE3D-433D-8CFE-74B3F27EE7AF}.Debug|Any CPU.ActiveCfg = Debug|Any CPU
		{E7CBF066-CE3D-433D-8CFE-74B3F27EE7AF}.Debug|Any CPU.Build.0 = Debug|Any CPU
		{E7CBF066-CE3D-433D-8CFE-74B3F27EE7AF}.Release|Any CPU.ActiveCfg = Release|Any CPU
		{E7CBF066-CE3D-433D-8CFE-74B3F27EE7AF}.Release|Any CPU.Build.0 = Release|Any CPU
	EndGlobalSection
	GlobalSection(SolutionProperties) = preSolution
		HideSolutionNode = FALSE
	EndGlobalSection
	GlobalSection(ExtensibilityGlobals) = postSolution
		SolutionGuid = {030E710C-1297-442A-B40F-48E86894A8A0}
	EndGlobalSection
EndGlobal
